{
  "name": "xenon_stack_assignment",
  "version": "1.0.0",
  "description": "assignment",
  "main": "index.js",
  "scripts": {
    "start": "nodemon ./index.js"
  },
  "author": "",
  "license": "ISC",
  "dependencies": {
    "bcrypt": "^5.0.1",
    "body-parser": "^1.20.0",
    "express": "^4.18.1",
    "express-session": "^1.17.3",
    "mongoose": "^6.6.1",
    "nodemailer": "^6.7.8",
    "nodemon": "^2.0.20",
    "session": "^0.1.0"
  }
}
